
Microsoft Visual Studio Solution File, Format Version 12.00
# Visual Studio Version 16
VisualStudioVersion = 16.0.30413.136
MinimumVisualStudioVersion = 10.0.40219.1
Project("{FAE04EC0-301F-11D3-BF4B-00C04F79EFBC}") = "CalculatorProgram", "CalculatorProgram\CalculatorProgram.csproj", "{605ED8AA-0F71-4CCE-90B7-1AF28B9B09CD}"
EndProject
Global
	GlobalSection(SolutionConfigurationPlatforms) = preSolution
		Debug|Any CPU = Debug|Any CPU
		Release|Any CPU = Release|Any CPU
	EndGlobalSection
	GlobalSection(ProjectConfigurationPlatforms) = postSolution
		{605ED8AA-0F71-4CCE-90B7-1AF28B9B09CD}.Debug|Any CPU.ActiveCfg = Debug|Any CPU
		{605ED8AA-0F71-4CCE-90B7-1AF28B9B09CD}.Debug|Any CPU.Build.0 = Debug|Any CPU
		{605ED8AA-0F71-4CCE-90B7-1AF28B9B09CD}.Release|Any CPU.ActiveCfg = Release|Any CPU
		{605ED8AA-0F71-4CCE-90B7-1AF28B9B09CD}.Release|Any CPU.Build.0 = Release|Any CPU
	EndGlobalSection
	GlobalSection(SolutionProperties) = preSolution
		HideSolutionNode = FALSE
	EndGlobalSection
	GlobalSection(ExtensibilityGlobals) = postSolution
		SolutionGuid = {D2C0CC26-8836-4D70-8723-D8F368BF4E3A}
	EndGlobalSection
EndGlobal
